# THIS IS AN AUTOGENERATED FILE. DO NOT EDIT THIS FILE DIRECTLY.
# yarn lockfile v1


base64-js@0.0.8:
  version "0.0.8"
  resolved "https://registry.yarnpkg.com/base64-js/-/base64-js-0.0.8.tgz#1101e9544f4a76b1bc3b26d452ca96d7a35e7978"

dns-packet@netbeast/react-native-dns-packet:
  version "5.0.3"
  resolved "https://codeload.github.com/netbeast/react-native-dns-packet/tar.gz/3fcd6e031f11f2cca6f95582292a0b416ad4c10d"
  dependencies:
    ip "^1.1.5"

events@^1.0.2:
  version "1.1.1"
  resolved "http://registry.npmjs.org/events/-/events-1.1.1.tgz#9ebdb7635ad099c70dcc4c2a1f5004288e8bd924"

inherits@2.0.3, inherits@^2.0.1:
  version "2.0.3"
  resolved "https://registry.yarnpkg.com/inherits/-/inherits-2.0.3.tgz#633c2c83e3da42a502f52466022480f4208261de"

ip-regex@^1.0.3:
  version "1.0.3"
  resolved "https://registry.yarnpkg.com/ip-regex/-/ip-regex-1.0.3.tgz#dc589076f659f419c222039a33316f1c7387effd"

ip@^1.1.5:
  version "1.1.5"
  resolved "https://registry.yarnpkg.com/ip/-/ip-1.1.5.tgz#bdded70114290828c0a039e72ef25f5aaec4354a"

react-native-os@^1.2.1:
  version "1.2.1"
  resolved "https://registry.yarnpkg.com/react-native-os/-/react-native-os-1.2.1.tgz#681c27b4b4340c96f6297cf50df00ba2f6fad7cb"

react-native-udp@^2.3.1:
  version "2.3.1"
  resolved "https://registry.yarnpkg.com/react-native-udp/-/react-native-udp-2.3.1.tgz#88eb0f548ed8c7e35065392526ecf8ce2e2be91e"
  dependencies:
    base64-js "0.0.8"
    events "^1.0.2"
    inherits "^2.0.1"
    ip-regex "^1.0.3"
    util "^0.10.3"

tiny-emitter@^2.0.2:
  version "2.0.2"
  resolved "https://registry.yarnpkg.com/tiny-emitter/-/tiny-emitter-2.0.2.tgz#82d27468aca5ade8e5fd1e6d22b57dd43ebdfb7c"

util@^0.10.3:
  version "0.10.4"
  resolved "https://registry.yarnpkg.com/util/-/util-0.10.4.tgz#3aa0125bfe668a4672de58857d3ace27ecb76901"
  dependencies:
    inherits "2.0.3"
